
Microsoft Visual Studio Solution File, Format Version 12.00
# Visual Studio Express 2013 for Windows Desktop
VisualStudioVersion = 12.0.40629.0
MinimumVisualStudioVersion = 10.0.40219.1
Project("{8BC9CEB8-8B4A-11D0-8D11-00A0C91BC942}") = "sprot", "sprot\sprot.vcxproj", "{36D539D1-BC62-48CD-9727-78C6FCE89A4A}"
EndProject
Project("{8BC9CEB8-8B4A-11D0-8D11-00A0C91BC942}") = "spipc", "spipc\spipc.vcxproj", "{E8DDFEC3-4FCF-4F75-953C-E5113C2954D4}"
	ProjectSection(ProjectDependencies) = postProject
		{D84D100A-7C21-4CCB-B16E-0FB37137C16C} = {D84D100A-7C21-4CCB-B16E-0FB37137C16C}
		{36D539D1-BC62-48CD-9727-78C6FCE89A4A} = {36D539D1-BC62-48CD-9727-78C6FCE89A4A}
	EndProjectSection
EndProject
Project("{8BC9CEB8-8B4A-11D0-8D11-00A0C91BC942}") = "fplogd", "fplogd\fplogd.vcxproj", "{1777B54E-A240-41FF-93F6-3CF84420EB99}"
	ProjectSection(ProjectDependencies) = postProject
		{836F2823-11AC-4316-BA9A-BECCF3C14291} = {836F2823-11AC-4316-BA9A-BECCF3C14291}
		{E8DDFEC3-4FCF-4F75-953C-E5113C2954D4} = {E8DDFEC3-4FCF-4F75-953C-E5113C2954D4}
	EndProjectSection
EndProject
Project("{8BC9CEB8-8B4A-11D0-8D11-00A0C91BC942}") = "spipc_test", "spipc\spipc_test.vcxproj", "{3B424175-4BA1-43B1-AD82-00AAAE4A6F8B}"
	ProjectSection(ProjectDependencies) = postProject
		{E8DDFEC3-4FCF-4F75-953C-E5113C2954D4} = {E8DDFEC3-4FCF-4F75-953C-E5113C2954D4}
	EndProjectSection
EndProject
Project("{8BC9CEB8-8B4A-11D0-8D11-00A0C91BC942}") = "sprot_test", "sprot\sprot_test.vcxproj", "{7348A0F0-242D-4B5E-A88D-348B2619E962}"
	ProjectSection(ProjectDependencies) = postProject
		{36D539D1-BC62-48CD-9727-78C6FCE89A4A} = {36D539D1-BC62-48CD-9727-78C6FCE89A4A}
	EndProjectSection
EndProject
Project("{8BC9CEB8-8B4A-11D0-8D11-00A0C91BC942}") = "fplog", "fplog\fplog.vcxproj", "{836F2823-11AC-4316-BA9A-BECCF3C14291}"
	ProjectSection(ProjectDependencies) = postProject
		{C29F0A90-4164-4D6D-9D9E-F3A9E6B33268} = {C29F0A90-4164-4D6D-9D9E-F3A9E6B33268}
		{E8DDFEC3-4FCF-4F75-953C-E5113C2954D4} = {E8DDFEC3-4FCF-4F75-953C-E5113C2954D4}
		{153A6FE5-40A9-4C31-B0C2-1C68D2E37BEA} = {153A6FE5-40A9-4C31-B0C2-1C68D2E37BEA}
	EndProjectSection
EndProject
Project("{8BC9CEB8-8B4A-11D0-8D11-00A0C91BC942}") = "fplog_test", "fplog\fplog_test.vcxproj", "{6AC7F4CF-122D-404D-9F04-9BABF26F6C2C}"
	ProjectSection(ProjectDependencies) = postProject
		{D84D100A-7C21-4CCB-B16E-0FB37137C16C} = {D84D100A-7C21-4CCB-B16E-0FB37137C16C}
		{836F2823-11AC-4316-BA9A-BECCF3C14291} = {836F2823-11AC-4316-BA9A-BECCF3C14291}
	EndProjectSection
EndProject
Project("{8BC9CEB8-8B4A-11D0-8D11-00A0C91BC942}") = "libjson", "libjson\libjson.vcxproj", "{153A6FE5-40A9-4C31-B0C2-1C68D2E37BEA}"
EndProject
Project("{8BC9CEB8-8B4A-11D0-8D11-00A0C91BC942}") = "lua", "lua\lua.vcxproj", "{C29F0A90-4164-4D6D-9D9E-F3A9E6B33268}"
EndProject
Project("{8BC9CEB8-8B4A-11D0-8D11-00A0C91BC942}") = "fpcollect", "fpcollect\fpcollect.vcxproj", "{2E451ECD-C92E-4B61-8BB7-241A1D3166C0}"
	ProjectSection(ProjectDependencies) = postProject
		{836F2823-11AC-4316-BA9A-BECCF3C14291} = {836F2823-11AC-4316-BA9A-BECCF3C14291}
		{E8DDFEC3-4FCF-4F75-953C-E5113C2954D4} = {E8DDFEC3-4FCF-4F75-953C-E5113C2954D4}
		{36D539D1-BC62-48CD-9727-78C6FCE89A4A} = {36D539D1-BC62-48CD-9727-78C6FCE89A4A}
	EndProjectSection
EndProject
Project("{8BC9CEB8-8B4A-11D0-8D11-00A0C91BC942}") = "udt", "udt4\win\udt.vcxproj", "{D84D100A-7C21-4CCB-B16E-0FB37137C16C}"
EndProject
Global
	GlobalSection(SolutionConfigurationPlatforms) = preSolution
		Debug|Win32 = Debug|Win32
		Debug|x64 = Debug|x64
		Release|Win32 = Release|Win32
		Release|x64 = Release|x64
		small|Win32 = small|Win32
		small|x64 = small|x64
	EndGlobalSection
	GlobalSection(ProjectConfigurationPlatforms) = postSolution
		{36D539D1-BC62-48CD-9727-78C6FCE89A4A}.Debug|Win32.ActiveCfg = Debug|Win32
		{36D539D1-BC62-48CD-9727-78C6FCE89A4A}.Debug|Win32.Build.0 = Debug|Win32
		{36D539D1-BC62-48CD-9727-78C6FCE89A4A}.Debug|x64.ActiveCfg = Debug|x64
		{36D539D1-BC62-48CD-9727-78C6FCE89A4A}.Debug|x64.Build.0 = Debug|x64
		{36D539D1-BC62-48CD-9727-78C6FCE89A4A}.Release|Win32.ActiveCfg = Release|Win32
		{36D539D1-BC62-48CD-9727-78C6FCE89A4A}.Release|Win32.Build.0 = Release|Win32
		{36D539D1-BC62-48CD-9727-78C6FCE89A4A}.Release|x64.ActiveCfg = Release|x64
		{36D539D1-BC62-48CD-9727-78C6FCE89A4A}.Release|x64.Build.0 = Release|x64
		{36D539D1-BC62-48CD-9727-78C6FCE89A4A}.small|Win32.ActiveCfg = Release|Win32
		{36D539D1-BC62-48CD-9727-78C6FCE89A4A}.small|Win32.Build.0 = Release|Win32
		{36D539D1-BC62-48CD-9727-78C6FCE89A4A}.small|x64.ActiveCfg = Release|x64
		{36D539D1-BC62-48CD-9727-78C6FCE89A4A}.small|x64.Build.0 = Release|x64
		{E8DDFEC3-4FCF-4F75-953C-E5113C2954D4}.Debug|Win32.ActiveCfg = Debug|Win32
		{E8DDFEC3-4FCF-4F75-953C-E5113C2954D4}.Debug|Win32.Build.0 = Debug|Win32
		{E8DDFEC3-4FCF-4F75-953C-E5113C2954D4}.Debug|x64.ActiveCfg = Debug|Win32
		{E8DDFEC3-4FCF-4F75-953C-E5113C2954D4}.Release|Win32.ActiveCfg = Release|Win32
		{E8DDFEC3-4FCF-4F75-953C-E5113C2954D4}.Release|Win32.Build.0 = Release|Win32
		{E8DDFEC3-4FCF-4F75-953C-E5113C2954D4}.Release|x64.ActiveCfg = Release|Win32
		{E8DDFEC3-4FCF-4F75-953C-E5113C2954D4}.small|Win32.ActiveCfg = Release|Win32
		{E8DDFEC3-4FCF-4F75-953C-E5113C2954D4}.small|Win32.Build.0 = Release|Win32
		{E8DDFEC3-4FCF-4F75-953C-E5113C2954D4}.small|x64.ActiveCfg = Release|Win32
		{1777B54E-A240-41FF-93F6-3CF84420EB99}.Debug|Win32.ActiveCfg = Debug|Win32
		{1777B54E-A240-41FF-93F6-3CF84420EB99}.Debug|Win32.Build.0 = Debug|Win32
		{1777B54E-A240-41FF-93F6-3CF84420EB99}.Debug|x64.ActiveCfg = Debug|Win32
		{1777B54E-A240-41FF-93F6-3CF84420EB99}.Release|Win32.ActiveCfg = Release|Win32
		{1777B54E-A240-41FF-93F6-3CF84420EB99}.Release|Win32.Build.0 = Release|Win32
		{1777B54E-A240-41FF-93F6-3CF84420EB99}.Release|x64.ActiveCfg = Release|Win32
		{1777B54E-A240-41FF-93F6-3CF84420EB99}.small|Win32.ActiveCfg = Release|Win32
		{1777B54E-A240-41FF-93F6-3CF84420EB99}.small|Win32.Build.0 = Release|Win32
		{1777B54E-A240-41FF-93F6-3CF84420EB99}.small|x64.ActiveCfg = Release|Win32
		{3B424175-4BA1-43B1-AD82-00AAAE4A6F8B}.Debug|Win32.ActiveCfg = Debug|Win32
		{3B424175-4BA1-43B1-AD82-00AAAE4A6F8B}.Debug|Win32.Build.0 = Debug|Win32
		{3B424175-4BA1-43B1-AD82-00AAAE4A6F8B}.Debug|x64.ActiveCfg = Debug|Win32
		{3B424175-4BA1-43B1-AD82-00AAAE4A6F8B}.Release|Win32.ActiveCfg = Release|Win32
		{3B424175-4BA1-43B1-AD82-00AAAE4A6F8B}.Release|Win32.Build.0 = Release|Win32
		{3B424175-4BA1-43B1-AD82-00AAAE4A6F8B}.Release|x64.ActiveCfg = Release|Win32
		{3B424175-4BA1-43B1-AD82-00AAAE4A6F8B}.small|Win32.ActiveCfg = Release|Win32
		{3B424175-4BA1-43B1-AD82-00AAAE4A6F8B}.small|Win32.Build.0 = Release|Win32
		{3B424175-4BA1-43B1-AD82-00AAAE4A6F8B}.small|x64.ActiveCfg = Release|Win32
		{7348A0F0-242D-4B5E-A88D-348B2619E962}.Debug|Win32.ActiveCfg = Debug|Win32
		{7348A0F0-242D-4B5E-A88D-348B2619E962}.Debug|Win32.Build.0 = Debug|Win32
		{7348A0F0-242D-4B5E-A88D-348B2619E962}.Debug|x64.ActiveCfg = Debug|x64
		{7348A0F0-242D-4B5E-A88D-348B2619E962}.Debug|x64.Build.0 = Debug|x64
		{7348A0F0-242D-4B5E-A88D-348B2619E962}.Release|Win32.ActiveCfg = Debug|Win32
		{7348A0F0-242D-4B5E-A88D-348B2619E962}.Release|x64.ActiveCfg = Debug|x64
		{7348A0F0-242D-4B5E-A88D-348B2619E962}.Release|x64.Build.0 = Debug|x64
		{7348A0F0-242D-4B5E-A88D-348B2619E962}.small|Win32.ActiveCfg = Debug|Win32
		{7348A0F0-242D-4B5E-A88D-348B2619E962}.small|Win32.Build.0 = Debug|Win32
		{7348A0F0-242D-4B5E-A88D-348B2619E962}.small|x64.ActiveCfg = Debug|x64
		{7348A0F0-242D-4B5E-A88D-348B2619E962}.small|x64.Build.0 = Debug|x64
		{836F2823-11AC-4316-BA9A-BECCF3C14291}.Debug|Win32.ActiveCfg = Debug|Win32
		{836F2823-11AC-4316-BA9A-BECCF3C14291}.Debug|Win32.Build.0 = Debug|Win32
		{836F2823-11AC-4316-BA9A-BECCF3C14291}.Debug|x64.ActiveCfg = Debug|Win32
		{836F2823-11AC-4316-BA9A-BECCF3C14291}.Release|Win32.ActiveCfg = Release|Win32
		{836F2823-11AC-4316-BA9A-BECCF3C14291}.Release|Win32.Build.0 = Release|Win32
		{836F2823-11AC-4316-BA9A-BECCF3C14291}.Release|x64.ActiveCfg = Release|Win32
		{836F2823-11AC-4316-BA9A-BECCF3C14291}.small|Win32.ActiveCfg = Release|Win32
		{836F2823-11AC-4316-BA9A-BECCF3C14291}.small|Win32.Build.0 = Release|Win32
		{836F2823-11AC-4316-BA9A-BECCF3C14291}.small|x64.ActiveCfg = Release|Win32
		{6AC7F4CF-122D-404D-9F04-9BABF26F6C2C}.Debug|Win32.ActiveCfg = Debug|Win32
		{6AC7F4CF-122D-404D-9F04-9BABF26F6C2C}.Debug|Win32.Build.0 = Debug|Win32
		{6AC7F4CF-122D-404D-9F04-9BABF26F6C2C}.Debug|x64.ActiveCfg = Debug|Win32
		{6AC7F4CF-122D-404D-9F04-9BABF26F6C2C}.Release|Win32.ActiveCfg = Release|Win32
		{6AC7F4CF-122D-404D-9F04-9BABF26F6C2C}.Release|Win32.Build.0 = Release|Win32
		{6AC7F4CF-122D-404D-9F04-9BABF26F6C2C}.Release|x64.ActiveCfg = Release|Win32
		{6AC7F4CF-122D-404D-9F04-9BABF26F6C2C}.small|Win32.ActiveCfg = Release|Win32
		{6AC7F4CF-122D-404D-9F04-9BABF26F6C2C}.small|Win32.Build.0 = Release|Win32
		{6AC7F4CF-122D-404D-9F04-9BABF26F6C2C}.small|x64.ActiveCfg = Release|Win32
		{153A6FE5-40A9-4C31-B0C2-1C68D2E37BEA}.Debug|Win32.ActiveCfg = Debug|Win32
		{153A6FE5-40A9-4C31-B0C2-1C68D2E37BEA}.Debug|Win32.Build.0 = Debug|Win32
		{153A6FE5-40A9-4C31-B0C2-1C68D2E37BEA}.Debug|x64.ActiveCfg = Debug|Win32
		{153A6FE5-40A9-4C31-B0C2-1C68D2E37BEA}.Release|Win32.ActiveCfg = Release|Win32
		{153A6FE5-40A9-4C31-B0C2-1C68D2E37BEA}.Release|Win32.Build.0 = Release|Win32
		{153A6FE5-40A9-4C31-B0C2-1C68D2E37BEA}.Release|x64.ActiveCfg = Release|Win32
		{153A6FE5-40A9-4C31-B0C2-1C68D2E37BEA}.small|Win32.ActiveCfg = small|Win32
		{153A6FE5-40A9-4C31-B0C2-1C68D2E37BEA}.small|Win32.Build.0 = small|Win32
		{153A6FE5-40A9-4C31-B0C2-1C68D2E37BEA}.small|x64.ActiveCfg = small|Win32
		{C29F0A90-4164-4D6D-9D9E-F3A9E6B33268}.Debug|Win32.ActiveCfg = Debug|Win32
		{C29F0A90-4164-4D6D-9D9E-F3A9E6B33268}.Debug|Win32.Build.0 = Debug|Win32
		{C29F0A90-4164-4D6D-9D9E-F3A9E6B33268}.Debug|x64.ActiveCfg = Debug|Win32
		{C29F0A90-4164-4D6D-9D9E-F3A9E6B33268}.Release|Win32.ActiveCfg = Release|Win32
		{C29F0A90-4164-4D6D-9D9E-F3A9E6B33268}.Release|Win32.Build.0 = Release|Win32
		{C29F0A90-4164-4D6D-9D9E-F3A9E6B33268}.Release|x64.ActiveCfg = Release|Win32
		{C29F0A90-4164-4D6D-9D9E-F3A9E6B33268}.small|Win32.ActiveCfg = Release|Win32
		{C29F0A90-4164-4D6D-9D9E-F3A9E6B33268}.small|Win32.Build.0 = Release|Win32
		{C29F0A90-4164-4D6D-9D9E-F3A9E6B33268}.small|x64.ActiveCfg = Release|Win32
		{2E451ECD-C92E-4B61-8BB7-241A1D3166C0}.Debug|Win32.ActiveCfg = Debug|Win32
		{2E451ECD-C92E-4B61-8BB7-241A1D3166C0}.Debug|Win32.Build.0 = Debug|Win32
		{2E451ECD-C92E-4B61-8BB7-241A1D3166C0}.Debug|x64.ActiveCfg = Debug|Win32
		{2E451ECD-C92E-4B61-8BB7-241A1D3166C0}.Release|Win32.ActiveCfg = Release|Win32
		{2E451ECD-C92E-4B61-8BB7-241A1D3166C0}.Release|Win32.Build.0 = Release|Win32
		{2E451ECD-C92E-4B61-8BB7-241A1D3166C0}.Release|x64.ActiveCfg = Release|Win32
		{2E451ECD-C92E-4B61-8BB7-241A1D3166C0}.small|Win32.ActiveCfg = Release|Win32
		{2E451ECD-C92E-4B61-8BB7-241A1D3166C0}.small|Win32.Build.0 = Release|Win32
		{2E451ECD-C92E-4B61-8BB7-241A1D3166C0}.small|x64.ActiveCfg = Release|Win32
		{D84D100A-7C21-4CCB-B16E-0FB37137C16C}.Debug|Win32.ActiveCfg = Debug|Win32
		{D84D100A-7C21-4CCB-B16E-0FB37137C16C}.Debug|Win32.Build.0 = Debug|Win32
		{D84D100A-7C21-4CCB-B16E-0FB37137C16C}.Debug|x64.ActiveCfg = Debug|Win32
		{D84D100A-7C21-4CCB-B16E-0FB37137C16C}.Release|Win32.ActiveCfg = Release|Win32
		{D84D100A-7C21-4CCB-B16E-0FB37137C16C}.Release|Win32.Build.0 = Release|Win32
		{D84D100A-7C21-4CCB-B16E-0FB37137C16C}.Release|x64.ActiveCfg = Release|Win32
		{D84D100A-7C21-4CCB-B16E-0FB37137C16C}.small|Win32.ActiveCfg = Release|Win32
		{D84D100A-7C21-4CCB-B16E-0FB37137C16C}.small|Win32.Build.0 = Release|Win32
		{D84D100A-7C21-4CCB-B16E-0FB37137C16C}.small|x64.ActiveCfg = Release|Win32
	EndGlobalSection
	GlobalSection(SolutionProperties) = preSolution
		HideSolutionNode = FALSE
	EndGlobalSection
EndGlobal
