// !$*UTF8*$!
{
	archiveVersion = 1;
	classes = {
	};
	objectVersion = 46;
	objects = {

/* Begin PBXBuildFile section */
		781A180E1DD8E7310049BB40 /* spipc_test.cpp in Sources */ = {isa = PBXBuildFile; fileRef = 781A180D1DD8E7310049BB40 /* spipc_test.cpp */; };
		781A18121DD8E9BD0049BB40 /* libspipc.dylib in Frameworks */ = {isa = PBXBuildFile; fileRef = 781A18111DD8E9BD0049BB40 /* libspipc.dylib */; };
		78F3F3E61E3D12E000D8039A /* libboost_system-mt.dylib in Frameworks */ = {isa = PBXBuildFile; fileRef = 78F3F3E51E3D12E000D8039A /* libboost_system-mt.dylib */; };
/* End PBXBuildFile section */

/* Begin PBXCopyFilesBuildPhase section */
		781A17FB1DD8E6350049BB40 /* CopyFiles */ = {
			isa = PBXCopyFilesBuildPhase;
			buildActionMask = 2147483647;
			dstPath = /usr/share/man/man1/;
			dstSubfolderSpec = 0;
			files = (
			);
			runOnlyForDeploymentPostprocessing = 1;
		};
/* End PBXCopyFilesBuildPhase section */

/* Begin PBXFileReference section */
		781A17FD1DD8E6350049BB40 /* spipc_test */ = {isa = PBXFileReference; explicitFileType = "compiled.mach-o.executable"; includeInIndex = 0; path = spipc_test; sourceTree = BUILT_PRODUCTS_DIR; };
		781A180D1DD8E7310049BB40 /* spipc_test.cpp */ = {isa = PBXFileReference; fileEncoding = 4; lastKnownFileType = sourcecode.cpp.cpp; path = spipc_test.cpp; sourceTree = SOURCE_ROOT; };
		781A18111DD8E9BD0049BB40 /* libspipc.dylib */ = {isa = PBXFileReference; lastKnownFileType = "compiled.mach-o.dylib"; name = libspipc.dylib; path = "../../../Library/Developer/Xcode/DerivedData/fplog-ecysbduaxhsrsrfphqhbzckdlmyo/Build/Products/Debug/libspipc.dylib"; sourceTree = "<group>"; };
		78F3F3E51E3D12E000D8039A /* libboost_system-mt.dylib */ = {isa = PBXFileReference; lastKnownFileType = "compiled.mach-o.dylib"; name = "libboost_system-mt.dylib"; path = "../Stage/libboost_system-mt.dylib"; sourceTree = "<group>"; };
/* End PBXFileReference section */

/* Begin PBXFrameworksBuildPhase section */
		781A17FA1DD8E6350049BB40 /* Frameworks */ = {
			isa = PBXFrameworksBuildPhase;
			buildActionMask = 2147483647;
			files = (
				78F3F3E61E3D12E000D8039A /* libboost_system-mt.dylib in Frameworks */,
				781A18121DD8E9BD0049BB40 /* libspipc.dylib in Frameworks */,
			);
			runOnlyForDeploymentPostprocessing = 0;
		};
/* End PBXFrameworksBuildPhase section */

/* Begin PBXGroup section */
		781A17F41DD8E6350049BB40 = {
			isa = PBXGroup;
			children = (
				781A17FF1DD8E6350049BB40 /* spipc_test */,
				781A17FE1DD8E6350049BB40 /* Products */,
				781A18101DD8E9BD0049BB40 /* Frameworks */,
			);
			sourceTree = "<group>";
		};
		781A17FE1DD8E6350049BB40 /* Products */ = {
			isa = PBXGroup;
			children = (
				781A17FD1DD8E6350049BB40 /* spipc_test */,
			);
			name = Products;
			sourceTree = "<group>";
		};
		781A17FF1DD8E6350049BB40 /* spipc_test */ = {
			isa = PBXGroup;
			children = (
				781A180D1DD8E7310049BB40 /* spipc_test.cpp */,
			);
			path = spipc_test;
			sourceTree = "<group>";
		};
		781A18101DD8E9BD0049BB40 /* Frameworks */ = {
			isa = PBXGroup;
			children = (
				78F3F3E51E3D12E000D8039A /* libboost_system-mt.dylib */,
				781A18111DD8E9BD0049BB40 /* libspipc.dylib */,
			);
			name = Frameworks;
			sourceTree = "<group>";
		};
/* End PBXGroup section */

/* Begin PBXNativeTarget section */
		781A17FC1DD8E6350049BB40 /* spipc_test */ = {
			isa = PBXNativeTarget;
			buildConfigurationList = 781A18041DD8E6350049BB40 /* Build configuration list for PBXNativeTarget "spipc_test" */;
			buildPhases = (
				783A3F6A1E3F98FA002DAD2E /* ShellScript */,
				781A17F91DD8E6350049BB40 /* Sources */,
				781A17FA1DD8E6350049BB40 /* Frameworks */,
				781A17FB1DD8E6350049BB40 /* CopyFiles */,
				781A180F1DD8E76F0049BB40 /* ShellScript */,
			);
			buildRules = (
			);
			dependencies = (
			);
			name = spipc_test;
			productName = spipc_test;
			productReference = 781A17FD1DD8E6350049BB40 /* spipc_test */;
			productType = "com.apple.product-type.tool";
		};
/* End PBXNativeTarget section */

/* Begin PBXProject section */
		781A17F51DD8E6350049BB40 /* Project object */ = {
			isa = PBXProject;
			attributes = {
				LastUpgradeCheck = 0800;
				ORGANIZATIONNAME = "Rostislav Kuratch";
				TargetAttributes = {
					781A17FC1DD8E6350049BB40 = {
						CreatedOnToolsVersion = 8.0;
						ProvisioningStyle = Automatic;
					};
				};
			};
			buildConfigurationList = 781A17F81DD8E6350049BB40 /* Build configuration list for PBXProject "spipc_test" */;
			compatibilityVersion = "Xcode 3.2";
			developmentRegion = English;
			hasScannedForEncodings = 0;
			knownRegions = (
				en,
			);
			mainGroup = 781A17F41DD8E6350049BB40;
			productRefGroup = 781A17FE1DD8E6350049BB40 /* Products */;
			projectDirPath = "";
			projectRoot = "";
			targets = (
				781A17FC1DD8E6350049BB40 /* spipc_test */,
			);
		};
/* End PBXProject section */

/* Begin PBXShellScriptBuildPhase section */
		781A180F1DD8E76F0049BB40 /* ShellScript */ = {
			isa = PBXShellScriptBuildPhase;
			buildActionMask = 2147483647;
			files = (
			);
			inputPaths = (
			);
			outputPaths = (
			);
			runOnlyForDeploymentPostprocessing = 0;
			shellPath = /bin/sh;
			shellScript = "rm -f ${SOURCE_ROOT}/../Stage/*${PROJECT_NAME}*\ncp -r ${TARGET_BUILD_DIR}/*${PROJECT_NAME}* ${SOURCE_ROOT}/../Stage/\ninstall_name_tool -change libboost_system-mt.dylib @rpath/libboost_system-mt.dylib ${SOURCE_ROOT}/../Stage/${PROJECT_NAME}";
		};
		783A3F6A1E3F98FA002DAD2E /* ShellScript */ = {
			isa = PBXShellScriptBuildPhase;
			buildActionMask = 2147483647;
			files = (
			);
			inputPaths = (
			);
			outputPaths = (
			);
			runOnlyForDeploymentPostprocessing = 0;
			shellPath = /bin/sh;
			shellScript = "rm -f ${TARGET_BUILD_DIR}/*${PROJECT_NAME}*\n";
		};
/* End PBXShellScriptBuildPhase section */

/* Begin PBXSourcesBuildPhase section */
		781A17F91DD8E6350049BB40 /* Sources */ = {
			isa = PBXSourcesBuildPhase;
			buildActionMask = 2147483647;
			files = (
				781A180E1DD8E7310049BB40 /* spipc_test.cpp in Sources */,
			);
			runOnlyForDeploymentPostprocessing = 0;
		};
/* End PBXSourcesBuildPhase section */

/* Begin XCBuildConfiguration section */
		781A18021DD8E6350049BB40 /* Debug */ = {
			isa = XCBuildConfiguration;
			buildSettings = {
				ALWAYS_SEARCH_USER_PATHS = NO;
				CLANG_ANALYZER_NONNULL = YES;
				CLANG_CXX_LANGUAGE_STANDARD = "gnu++0x";
				CLANG_CXX_LIBRARY = "libc++";
				CLANG_ENABLE_MODULES = YES;
				CLANG_ENABLE_OBJC_ARC = YES;
				CLANG_WARN_BOOL_CONVERSION = YES;
				CLANG_WARN_CONSTANT_CONVERSION = YES;
				CLANG_WARN_DIRECT_OBJC_ISA_USAGE = YES_ERROR;
				CLANG_WARN_DOCUMENTATION_COMMENTS = YES;
				CLANG_WARN_EMPTY_BODY = YES;
				CLANG_WARN_ENUM_CONVERSION = YES;
				CLANG_WARN_INFINITE_RECURSION = YES;
				CLANG_WARN_INT_CONVERSION = YES;
				CLANG_WARN_OBJC_ROOT_CLASS = YES_ERROR;
				CLANG_WARN_SUSPICIOUS_MOVES = YES;
				CLANG_WARN_UNREACHABLE_CODE = YES;
				CLANG_WARN__DUPLICATE_METHOD_MATCH = YES;
				CODE_SIGN_IDENTITY = "-";
				COPY_PHASE_STRIP = NO;
				DEBUG_INFORMATION_FORMAT = dwarf;
				ENABLE_STRICT_OBJC_MSGSEND = YES;
				ENABLE_TESTABILITY = YES;
				GCC_C_LANGUAGE_STANDARD = gnu99;
				GCC_DYNAMIC_NO_PIC = NO;
				GCC_NO_COMMON_BLOCKS = YES;
				GCC_OPTIMIZATION_LEVEL = 0;
				GCC_PREPROCESSOR_DEFINITIONS = (
					"DEBUG=1",
					"$(inherited)",
				);
				GCC_WARN_64_TO_32_BIT_CONVERSION = YES;
				GCC_WARN_ABOUT_RETURN_TYPE = YES_ERROR;
				GCC_WARN_UNDECLARED_SELECTOR = YES;
				GCC_WARN_UNINITIALIZED_AUTOS = YES_AGGRESSIVE;
				GCC_WARN_UNUSED_FUNCTION = YES;
				GCC_WARN_UNUSED_VARIABLE = YES;
				MACOSX_DEPLOYMENT_TARGET = 10.11;
				MTL_ENABLE_DEBUG_INFO = YES;
				ONLY_ACTIVE_ARCH = YES;
				SDKROOT = macosx;
			};
			name = Debug;
		};
		781A18031DD8E6350049BB40 /* Release */ = {
			isa = XCBuildConfiguration;
			buildSettings = {
				ALWAYS_SEARCH_USER_PATHS = NO;
				CLANG_ANALYZER_NONNULL = YES;
				CLANG_CXX_LANGUAGE_STANDARD = "gnu++0x";
				CLANG_CXX_LIBRARY = "libc++";
				CLANG_ENABLE_MODULES = YES;
				CLANG_ENABLE_OBJC_ARC = YES;
				CLANG_WARN_BOOL_CONVERSION = YES;
				CLANG_WARN_CONSTANT_CONVERSION = YES;
				CLANG_WARN_DIRECT_OBJC_ISA_USAGE = YES_ERROR;
				CLANG_WARN_DOCUMENTATION_COMMENTS = YES;
				CLANG_WARN_EMPTY_BODY = YES;
				CLANG_WARN_ENUM_CONVERSION = YES;
				CLANG_WARN_INFINITE_RECURSION = YES;
				CLANG_WARN_INT_CONVERSION = YES;
				CLANG_WARN_OBJC_ROOT_CLASS = YES_ERROR;
				CLANG_WARN_SUSPICIOUS_MOVES = YES;
				CLANG_WARN_UNREACHABLE_CODE = YES;
				CLANG_WARN__DUPLICATE_METHOD_MATCH = YES;
				CODE_SIGN_IDENTITY = "-";
				COPY_PHASE_STRIP = NO;
				DEBUG_INFORMATION_FORMAT = "dwarf-with-dsym";
				ENABLE_NS_ASSERTIONS = NO;
				ENABLE_STRICT_OBJC_MSGSEND = YES;
				GCC_C_LANGUAGE_STANDARD = gnu99;
				GCC_NO_COMMON_BLOCKS = YES;
				GCC_WARN_64_TO_32_BIT_CONVERSION = YES;
				GCC_WARN_ABOUT_RETURN_TYPE = YES_ERROR;
				GCC_WARN_UNDECLARED_SELECTOR = YES;
				GCC_WARN_UNINITIALIZED_AUTOS = YES_AGGRESSIVE;
				GCC_WARN_UNUSED_FUNCTION = YES;
				GCC_WARN_UNUSED_VARIABLE = YES;
				MACOSX_DEPLOYMENT_TARGET = 10.11;
				MTL_ENABLE_DEBUG_INFO = NO;
				SDKROOT = macosx;
			};
			name = Release;
		};
		781A18051DD8E6350049BB40 /* Debug */ = {
			isa = XCBuildConfiguration;
			buildSettings = {
				GCC_SYMBOLS_PRIVATE_EXTERN = NO;
				HEADER_SEARCH_PATHS = (
					../boost/,
					../,
					./,
					../udt4/src/,
					../udt4/app/,
					../common/,
				);
				LD_RUNPATH_SEARCH_PATHS = "@loader_path/";
				LIBRARY_SEARCH_PATHS = ../Stage/;
				OTHER_CPLUSPLUSFLAGS = (
					"$(OTHER_CFLAGS)",
					"-D_LINUX",
				);
				OTHER_LDFLAGS = "-Wl,-no_weak_imports";
				PRODUCT_NAME = "$(TARGET_NAME)";
			};
			name = Debug;
		};
		781A18061DD8E6350049BB40 /* Release */ = {
			isa = XCBuildConfiguration;
			buildSettings = {
				GCC_SYMBOLS_PRIVATE_EXTERN = NO;
				HEADER_SEARCH_PATHS = (
					../boost/,
					../,
					./,
					../udt4/src/,
					../udt4/app/,
					../common/,
				);
				LD_RUNPATH_SEARCH_PATHS = "@loader_path/";
				LIBRARY_SEARCH_PATHS = ../Stage/;
				ONLY_ACTIVE_ARCH = YES;
				OTHER_CPLUSPLUSFLAGS = (
					"$(OTHER_CFLAGS)",
					"-D_LINUX",
				);
				OTHER_LDFLAGS = "-Wl,-no_weak_imports";
				PRODUCT_NAME = "$(TARGET_NAME)";
			};
			name = Release;
		};
/* End XCBuildConfiguration section */

/* Begin XCConfigurationList section */
		781A17F81DD8E6350049BB40 /* Build configuration list for PBXProject "spipc_test" */ = {
			isa = XCConfigurationList;
			buildConfigurations = (
				781A18021DD8E6350049BB40 /* Debug */,
				781A18031DD8E6350049BB40 /* Release */,
			);
			defaultConfigurationIsVisible = 0;
			defaultConfigurationName = Release;
		};
		781A18041DD8E6350049BB40 /* Build configuration list for PBXNativeTarget "spipc_test" */ = {
			isa = XCConfigurationList;
			buildConfigurations = (
				781A18051DD8E6350049BB40 /* Debug */,
				781A18061DD8E6350049BB40 /* Release */,
			);
			defaultConfigurationIsVisible = 0;
			defaultConfigurationName = Release;
		};
/* End XCConfigurationList section */
	};
	rootObject = 781A17F51DD8E6350049BB40 /* Project object */;
}
