<?xml version="1.0" encoding="utf-8"?>
<Project ToolsVersion="4.0" xmlns="http://schemas.microsoft.com/developer/msbuild/2003">
  <ItemGroup>
    <Filter Include="Source Files">
      <UniqueIdentifier>{81cd733f-3858-4028-a4ac-c6ed06c3e0e3}</UniqueIdentifier>
      <Extensions>cpp;c;cxx;rc;def;odl;idl;hpj;bat;asm</Extensions>
    </Filter>
    <Filter Include="Header Files">
      <UniqueIdentifier>{e2c21145-b164-43ed-ba0f-4439ef9ff00b}</UniqueIdentifier>
      <Extensions>h;hpp;hxx;hm;inl;inc</Extensions>
    </Filter>
    <Filter Include="Resource Files">
      <UniqueIdentifier>{1dc80852-a218-4598-989f-3b99a23cd043}</UniqueIdentifier>
      <Extensions>ico;cur;bmp;dlg;rc2;rct;bin;rgs;gif;jpg;jpeg;jpe</Extensions>
    </Filter>
  </ItemGroup>
  <ItemGroup>
    <ClCompile Include="..\src\api.cpp">
      <Filter>Source Files</Filter>
    </ClCompile>
    <ClCompile Include="..\src\buffer.cpp">
      <Filter>Source Files</Filter>
    </ClCompile>
    <ClCompile Include="..\src\cache.cpp">
      <Filter>Source Files</Filter>
    </ClCompile>
    <ClCompile Include="..\src\ccc.cpp">
      <Filter>Source Files</Filter>
    </ClCompile>
    <ClCompile Include="..\src\channel.cpp">
      <Filter>Source Files</Filter>
    </ClCompile>
    <ClCompile Include="..\src\common.cpp">
      <Filter>Source Files</Filter>
    </ClCompile>
    <ClCompile Include="..\src\core.cpp">
      <Filter>Source Files</Filter>
    </ClCompile>
    <ClCompile Include="..\src\epoll.cpp">
      <Filter>Source Files</Filter>
    </ClCompile>
    <ClCompile Include="..\src\list.cpp">
      <Filter>Source Files</Filter>
    </ClCompile>
    <ClCompile Include="..\src\md5.cpp">
      <Filter>Source Files</Filter>
    </ClCompile>
    <ClCompile Include="..\src\packet.cpp">
      <Filter>Source Files</Filter>
    </ClCompile>
    <ClCompile Include="..\src\queue.cpp">
      <Filter>Source Files</Filter>
    </ClCompile>
    <ClCompile Include="..\src\window.cpp">
      <Filter>Source Files</Filter>
    </ClCompile>
  </ItemGroup>
  <ItemGroup>
    <ClInclude Include="..\src\api.h">
      <Filter>Header Files</Filter>
    </ClInclude>
    <ClInclude Include="..\src\buffer.h">
      <Filter>Header Files</Filter>
    </ClInclude>
    <ClInclude Include="..\src\cache.h">
      <Filter>Header Files</Filter>
    </ClInclude>
    <ClInclude Include="..\src\ccc.h">
      <Filter>Header Files</Filter>
    </ClInclude>
    <ClInclude Include="..\src\channel.h">
      <Filter>Header Files</Filter>
    </ClInclude>
    <ClInclude Include="..\src\common.h">
      <Filter>Header Files</Filter>
    </ClInclude>
    <ClInclude Include="..\src\core.h">
      <Filter>Header Files</Filter>
    </ClInclude>
    <ClInclude Include="..\src\epoll.h">
      <Filter>Header Files</Filter>
    </ClInclude>
    <ClInclude Include="..\src\list.h">
      <Filter>Header Files</Filter>
    </ClInclude>
    <ClInclude Include="..\src\md5.h">
      <Filter>Header Files</Filter>
    </ClInclude>
    <ClInclude Include="..\src\packet.h">
      <Filter>Header Files</Filter>
    </ClInclude>
    <ClInclude Include="..\src\queue.h">
      <Filter>Header Files</Filter>
    </ClInclude>
    <ClInclude Include="..\src\udt.h">
      <Filter>Header Files</Filter>
    </ClInclude>
    <ClInclude Include="..\src\window.h">
      <Filter>Header Files</Filter>
    </ClInclude>
  </ItemGroup>
  <ItemGroup>
    <Text Include="readme.txt" />
  </ItemGroup>
</Project>