// !$*UTF8*$!
{
	archiveVersion = 1;
	classes = {
	};
	objectVersion = 46;
	objects = {

/* Begin PBXBuildFile section */
		783A3F951E438A1D002DAD2E /* libsequence.dylib in Frameworks */ = {isa = PBXBuildFile; fileRef = 783A3F941E438A1D002DAD2E /* libsequence.dylib */; };
		78C74DBA1DDA47C8001B3D38 /* fplog_test.cpp in Sources */ = {isa = PBXBuildFile; fileRef = 78C74DB91DDA47C8001B3D38 /* fplog_test.cpp */; };
		78C74DBE1DDA4BD7001B3D38 /* libfplog.dylib in Frameworks */ = {isa = PBXBuildFile; fileRef = 78C74DBD1DDA4BD7001B3D38 /* libfplog.dylib */; };
		78C74DC21DDA4C3E001B3D38 /* libjson.dylib in Frameworks */ = {isa = PBXBuildFile; fileRef = 78C74DBF1DDA4C3E001B3D38 /* libjson.dylib */; };
		78C74DC31DDA4C3E001B3D38 /* libspipc.dylib in Frameworks */ = {isa = PBXBuildFile; fileRef = 78C74DC01DDA4C3E001B3D38 /* libspipc.dylib */; };
		78C74DC41DDA4C3E001B3D38 /* libsprot.dylib in Frameworks */ = {isa = PBXBuildFile; fileRef = 78C74DC11DDA4C3E001B3D38 /* libsprot.dylib */; };
		78F3F3E21E3D128D00D8039A /* libboost_system-mt.dylib in Frameworks */ = {isa = PBXBuildFile; fileRef = 78F3F3E11E3D128D00D8039A /* libboost_system-mt.dylib */; };
/* End PBXBuildFile section */

/* Begin PBXCopyFilesBuildPhase section */
		78C74DA51DDA475D001B3D38 /* CopyFiles */ = {
			isa = PBXCopyFilesBuildPhase;
			buildActionMask = 2147483647;
			dstPath = /usr/share/man/man1/;
			dstSubfolderSpec = 0;
			files = (
			);
			runOnlyForDeploymentPostprocessing = 1;
		};
/* End PBXCopyFilesBuildPhase section */

/* Begin PBXFileReference section */
		783A3F941E438A1D002DAD2E /* libsequence.dylib */ = {isa = PBXFileReference; lastKnownFileType = "compiled.mach-o.dylib"; name = libsequence.dylib; path = ../sequence/build/Debug/libsequence.dylib; sourceTree = "<group>"; };
		78C74DA71DDA475D001B3D38 /* fplog_test */ = {isa = PBXFileReference; explicitFileType = "compiled.mach-o.executable"; includeInIndex = 0; path = fplog_test; sourceTree = BUILT_PRODUCTS_DIR; };
		78C74DB91DDA47C8001B3D38 /* fplog_test.cpp */ = {isa = PBXFileReference; fileEncoding = 4; lastKnownFileType = sourcecode.cpp.cpp; path = fplog_test.cpp; sourceTree = SOURCE_ROOT; };
		78C74DBD1DDA4BD7001B3D38 /* libfplog.dylib */ = {isa = PBXFileReference; lastKnownFileType = "compiled.mach-o.dylib"; name = libfplog.dylib; path = "../../../Library/Developer/Xcode/DerivedData/fplog-ecysbduaxhsrsrfphqhbzckdlmyo/Build/Products/Debug/libfplog.dylib"; sourceTree = "<group>"; };
		78C74DBF1DDA4C3E001B3D38 /* libjson.dylib */ = {isa = PBXFileReference; lastKnownFileType = "compiled.mach-o.dylib"; name = libjson.dylib; path = "../../../Library/Developer/Xcode/DerivedData/fplog-ecysbduaxhsrsrfphqhbzckdlmyo/Build/Products/Debug/libjson.dylib"; sourceTree = "<group>"; };
		78C74DC01DDA4C3E001B3D38 /* libspipc.dylib */ = {isa = PBXFileReference; lastKnownFileType = "compiled.mach-o.dylib"; name = libspipc.dylib; path = "../../../Library/Developer/Xcode/DerivedData/fplog-ecysbduaxhsrsrfphqhbzckdlmyo/Build/Products/Debug/libspipc.dylib"; sourceTree = "<group>"; };
		78C74DC11DDA4C3E001B3D38 /* libsprot.dylib */ = {isa = PBXFileReference; lastKnownFileType = "compiled.mach-o.dylib"; name = libsprot.dylib; path = "../../../Library/Developer/Xcode/DerivedData/fplog-ecysbduaxhsrsrfphqhbzckdlmyo/Build/Products/Debug/libsprot.dylib"; sourceTree = "<group>"; };
		78F3F3E11E3D128D00D8039A /* libboost_system-mt.dylib */ = {isa = PBXFileReference; lastKnownFileType = "compiled.mach-o.dylib"; name = "libboost_system-mt.dylib"; path = "../Stage/libboost_system-mt.dylib"; sourceTree = "<group>"; };
/* End PBXFileReference section */

/* Begin PBXFrameworksBuildPhase section */
		78C74DA41DDA475D001B3D38 /* Frameworks */ = {
			isa = PBXFrameworksBuildPhase;
			buildActionMask = 2147483647;
			files = (
				783A3F951E438A1D002DAD2E /* libsequence.dylib in Frameworks */,
				78C74DC21DDA4C3E001B3D38 /* libjson.dylib in Frameworks */,
				78F3F3E21E3D128D00D8039A /* libboost_system-mt.dylib in Frameworks */,
				78C74DC31DDA4C3E001B3D38 /* libspipc.dylib in Frameworks */,
				78C74DC41DDA4C3E001B3D38 /* libsprot.dylib in Frameworks */,
				78C74DBE1DDA4BD7001B3D38 /* libfplog.dylib in Frameworks */,
			);
			runOnlyForDeploymentPostprocessing = 0;
		};
/* End PBXFrameworksBuildPhase section */

/* Begin PBXGroup section */
		78C74D9E1DDA475D001B3D38 = {
			isa = PBXGroup;
			children = (
				78C74DA91DDA475D001B3D38 /* fplog_test */,
				78C74DA81DDA475D001B3D38 /* Products */,
				78C74DBC1DDA4BD7001B3D38 /* Frameworks */,
			);
			sourceTree = "<group>";
		};
		78C74DA81DDA475D001B3D38 /* Products */ = {
			isa = PBXGroup;
			children = (
				78C74DA71DDA475D001B3D38 /* fplog_test */,
			);
			name = Products;
			sourceTree = "<group>";
		};
		78C74DA91DDA475D001B3D38 /* fplog_test */ = {
			isa = PBXGroup;
			children = (
				78C74DB91DDA47C8001B3D38 /* fplog_test.cpp */,
			);
			path = fplog_test;
			sourceTree = "<group>";
		};
		78C74DBC1DDA4BD7001B3D38 /* Frameworks */ = {
			isa = PBXGroup;
			children = (
				783A3F941E438A1D002DAD2E /* libsequence.dylib */,
				78F3F3E11E3D128D00D8039A /* libboost_system-mt.dylib */,
				78C74DBF1DDA4C3E001B3D38 /* libjson.dylib */,
				78C74DC01DDA4C3E001B3D38 /* libspipc.dylib */,
				78C74DC11DDA4C3E001B3D38 /* libsprot.dylib */,
				78C74DBD1DDA4BD7001B3D38 /* libfplog.dylib */,
			);
			name = Frameworks;
			sourceTree = "<group>";
		};
/* End PBXGroup section */

/* Begin PBXNativeTarget section */
		78C74DA61DDA475D001B3D38 /* fplog_test */ = {
			isa = PBXNativeTarget;
			buildConfigurationList = 78C74DAE1DDA475D001B3D38 /* Build configuration list for PBXNativeTarget "fplog_test" */;
			buildPhases = (
				783A3F681E3F98CE002DAD2E /* ShellScript */,
				78C74DA31DDA475D001B3D38 /* Sources */,
				78C74DA41DDA475D001B3D38 /* Frameworks */,
				78C74DA51DDA475D001B3D38 /* CopyFiles */,
				78C74DBB1DDA4AEE001B3D38 /* ShellScript */,
			);
			buildRules = (
			);
			dependencies = (
			);
			name = fplog_test;
			productName = fplog_test;
			productReference = 78C74DA71DDA475D001B3D38 /* fplog_test */;
			productType = "com.apple.product-type.tool";
		};
/* End PBXNativeTarget section */

/* Begin PBXProject section */
		78C74D9F1DDA475D001B3D38 /* Project object */ = {
			isa = PBXProject;
			attributes = {
				LastUpgradeCheck = 0800;
				ORGANIZATIONNAME = "Rostislav Kuratch";
				TargetAttributes = {
					78C74DA61DDA475D001B3D38 = {
						CreatedOnToolsVersion = 8.0;
						ProvisioningStyle = Automatic;
					};
				};
			};
			buildConfigurationList = 78C74DA21DDA475D001B3D38 /* Build configuration list for PBXProject "fplog_test" */;
			compatibilityVersion = "Xcode 3.2";
			developmentRegion = English;
			hasScannedForEncodings = 0;
			knownRegions = (
				en,
			);
			mainGroup = 78C74D9E1DDA475D001B3D38;
			productRefGroup = 78C74DA81DDA475D001B3D38 /* Products */;
			projectDirPath = "";
			projectRoot = "";
			targets = (
				78C74DA61DDA475D001B3D38 /* fplog_test */,
			);
		};
/* End PBXProject section */

/* Begin PBXShellScriptBuildPhase section */
		783A3F681E3F98CE002DAD2E /* ShellScript */ = {
			isa = PBXShellScriptBuildPhase;
			buildActionMask = 2147483647;
			files = (
			);
			inputPaths = (
			);
			outputPaths = (
			);
			runOnlyForDeploymentPostprocessing = 0;
			shellPath = /bin/sh;
			shellScript = "rm -f ${TARGET_BUILD_DIR}/*${PROJECT_NAME}*\n";
		};
		78C74DBB1DDA4AEE001B3D38 /* ShellScript */ = {
			isa = PBXShellScriptBuildPhase;
			buildActionMask = 2147483647;
			files = (
			);
			inputPaths = (
			);
			outputPaths = (
			);
			runOnlyForDeploymentPostprocessing = 0;
			shellPath = /bin/sh;
			shellScript = "rm -f ${SOURCE_ROOT}/../Stage/*${PROJECT_NAME}*\ncp -r ${TARGET_BUILD_DIR}/*${PROJECT_NAME}* ${SOURCE_ROOT}/../Stage/\ninstall_name_tool -change /usr/local/opt/boost/lib/libboost_system-mt.dylib @rpath/libboost_system-mt.dylib ${SOURCE_ROOT}/../Stage/${PROJECT_NAME}";
		};
/* End PBXShellScriptBuildPhase section */

/* Begin PBXSourcesBuildPhase section */
		78C74DA31DDA475D001B3D38 /* Sources */ = {
			isa = PBXSourcesBuildPhase;
			buildActionMask = 2147483647;
			files = (
				78C74DBA1DDA47C8001B3D38 /* fplog_test.cpp in Sources */,
			);
			runOnlyForDeploymentPostprocessing = 0;
		};
/* End PBXSourcesBuildPhase section */

/* Begin XCBuildConfiguration section */
		78C74DAC1DDA475D001B3D38 /* Debug */ = {
			isa = XCBuildConfiguration;
			buildSettings = {
				ALWAYS_SEARCH_USER_PATHS = NO;
				CLANG_ANALYZER_NONNULL = YES;
				CLANG_CXX_LANGUAGE_STANDARD = "gnu++0x";
				CLANG_CXX_LIBRARY = "libc++";
				CLANG_ENABLE_MODULES = YES;
				CLANG_ENABLE_OBJC_ARC = YES;
				CLANG_WARN_BOOL_CONVERSION = YES;
				CLANG_WARN_CONSTANT_CONVERSION = YES;
				CLANG_WARN_DIRECT_OBJC_ISA_USAGE = YES_ERROR;
				CLANG_WARN_DOCUMENTATION_COMMENTS = YES;
				CLANG_WARN_EMPTY_BODY = YES;
				CLANG_WARN_ENUM_CONVERSION = YES;
				CLANG_WARN_INFINITE_RECURSION = YES;
				CLANG_WARN_INT_CONVERSION = YES;
				CLANG_WARN_OBJC_ROOT_CLASS = YES_ERROR;
				CLANG_WARN_SUSPICIOUS_MOVES = YES;
				CLANG_WARN_UNREACHABLE_CODE = YES;
				CLANG_WARN__DUPLICATE_METHOD_MATCH = YES;
				CODE_SIGN_IDENTITY = "-";
				COPY_PHASE_STRIP = NO;
				DEBUG_INFORMATION_FORMAT = dwarf;
				ENABLE_STRICT_OBJC_MSGSEND = YES;
				ENABLE_TESTABILITY = YES;
				GCC_C_LANGUAGE_STANDARD = gnu99;
				GCC_DYNAMIC_NO_PIC = NO;
				GCC_NO_COMMON_BLOCKS = YES;
				GCC_OPTIMIZATION_LEVEL = 0;
				GCC_PREPROCESSOR_DEFINITIONS = (
					"DEBUG=1",
					"$(inherited)",
				);
				GCC_WARN_64_TO_32_BIT_CONVERSION = YES;
				GCC_WARN_ABOUT_RETURN_TYPE = YES_ERROR;
				GCC_WARN_UNDECLARED_SELECTOR = YES;
				GCC_WARN_UNINITIALIZED_AUTOS = YES_AGGRESSIVE;
				GCC_WARN_UNUSED_FUNCTION = YES;
				GCC_WARN_UNUSED_VARIABLE = YES;
				MACOSX_DEPLOYMENT_TARGET = 10.11;
				MTL_ENABLE_DEBUG_INFO = YES;
				ONLY_ACTIVE_ARCH = YES;
				SDKROOT = macosx;
			};
			name = Debug;
		};
		78C74DAD1DDA475D001B3D38 /* Release */ = {
			isa = XCBuildConfiguration;
			buildSettings = {
				ALWAYS_SEARCH_USER_PATHS = NO;
				CLANG_ANALYZER_NONNULL = YES;
				CLANG_CXX_LANGUAGE_STANDARD = "gnu++0x";
				CLANG_CXX_LIBRARY = "libc++";
				CLANG_ENABLE_MODULES = YES;
				CLANG_ENABLE_OBJC_ARC = YES;
				CLANG_WARN_BOOL_CONVERSION = YES;
				CLANG_WARN_CONSTANT_CONVERSION = YES;
				CLANG_WARN_DIRECT_OBJC_ISA_USAGE = YES_ERROR;
				CLANG_WARN_DOCUMENTATION_COMMENTS = YES;
				CLANG_WARN_EMPTY_BODY = YES;
				CLANG_WARN_ENUM_CONVERSION = YES;
				CLANG_WARN_INFINITE_RECURSION = YES;
				CLANG_WARN_INT_CONVERSION = YES;
				CLANG_WARN_OBJC_ROOT_CLASS = YES_ERROR;
				CLANG_WARN_SUSPICIOUS_MOVES = YES;
				CLANG_WARN_UNREACHABLE_CODE = YES;
				CLANG_WARN__DUPLICATE_METHOD_MATCH = YES;
				CODE_SIGN_IDENTITY = "-";
				COPY_PHASE_STRIP = NO;
				DEBUG_INFORMATION_FORMAT = "dwarf-with-dsym";
				ENABLE_NS_ASSERTIONS = NO;
				ENABLE_STRICT_OBJC_MSGSEND = YES;
				GCC_C_LANGUAGE_STANDARD = gnu99;
				GCC_NO_COMMON_BLOCKS = YES;
				GCC_WARN_64_TO_32_BIT_CONVERSION = YES;
				GCC_WARN_ABOUT_RETURN_TYPE = YES_ERROR;
				GCC_WARN_UNDECLARED_SELECTOR = YES;
				GCC_WARN_UNINITIALIZED_AUTOS = YES_AGGRESSIVE;
				GCC_WARN_UNUSED_FUNCTION = YES;
				GCC_WARN_UNUSED_VARIABLE = YES;
				MACOSX_DEPLOYMENT_TARGET = 10.11;
				MTL_ENABLE_DEBUG_INFO = NO;
				SDKROOT = macosx;
			};
			name = Release;
		};
		78C74DAF1DDA475D001B3D38 /* Debug */ = {
			isa = XCBuildConfiguration;
			buildSettings = {
				GCC_SYMBOLS_PRIVATE_EXTERN = NO;
				HEADER_SEARCH_PATHS = (
					/usr/local/Cellar/boost/1.63.0/include/,
					../,
					./,
					../udt4/src/,
					../udt4/app/,
					../common/,
					../lua/src/,
					../chaiscript/include/,
				);
				LD_RUNPATH_SEARCH_PATHS = "@loader_path";
				LIBRARY_SEARCH_PATHS = (
					"$(inherited)",
					../Stage/,
				);
				MACOSX_DEPLOYMENT_TARGET = 10.11;
				OTHER_CPLUSPLUSFLAGS = (
					"$(OTHER_CFLAGS)",
					"-D_LINUX",
				);
				OTHER_LDFLAGS = "";
				PRODUCT_NAME = "$(TARGET_NAME)";
			};
			name = Debug;
		};
		78C74DB01DDA475D001B3D38 /* Release */ = {
			isa = XCBuildConfiguration;
			buildSettings = {
				GCC_SYMBOLS_PRIVATE_EXTERN = NO;
				HEADER_SEARCH_PATHS = (
					/usr/local/Cellar/boost/1.63.0/include/,
					../,
					./,
					../udt4/src/,
					../udt4/app/,
					../common/,
					../lua/src/,
					../chaiscript/include/,
				);
				LD_RUNPATH_SEARCH_PATHS = "@loader_path";
				LIBRARY_SEARCH_PATHS = (
					"$(inherited)",
					../Stage/,
				);
				MACOSX_DEPLOYMENT_TARGET = 10.11;
				ONLY_ACTIVE_ARCH = YES;
				OTHER_CPLUSPLUSFLAGS = (
					"$(OTHER_CFLAGS)",
					"-D_LINUX",
				);
				OTHER_LDFLAGS = "";
				PRODUCT_NAME = "$(TARGET_NAME)";
			};
			name = Release;
		};
/* End XCBuildConfiguration section */

/* Begin XCConfigurationList section */
		78C74DA21DDA475D001B3D38 /* Build configuration list for PBXProject "fplog_test" */ = {
			isa = XCConfigurationList;
			buildConfigurations = (
				78C74DAC1DDA475D001B3D38 /* Debug */,
				78C74DAD1DDA475D001B3D38 /* Release */,
			);
			defaultConfigurationIsVisible = 0;
			defaultConfigurationName = Release;
		};
		78C74DAE1DDA475D001B3D38 /* Build configuration list for PBXNativeTarget "fplog_test" */ = {
			isa = XCConfigurationList;
			buildConfigurations = (
				78C74DAF1DDA475D001B3D38 /* Debug */,
				78C74DB01DDA475D001B3D38 /* Release */,
			);
			defaultConfigurationIsVisible = 0;
			defaultConfigurationName = Release;
		};
/* End XCConfigurationList section */
	};
	rootObject = 78C74D9F1DDA475D001B3D38 /* Project object */;
}
