// !$*UTF8*$!
{
	archiveVersion = 1;
	classes = {
	};
	objectVersion = 46;
	objects = {

/* Begin PBXBuildFile section */
		7836304A1E2172960010B08D /* fpylog.cpp in Sources */ = {isa = PBXBuildFile; fileRef = 789512491DF734A100A51CBE /* fpylog.cpp */; };
		7836304D1E2172960010B08D /* libjson.dylib in Frameworks */ = {isa = PBXBuildFile; fileRef = 78C20F2F1E030C9C00E90119 /* libjson.dylib */; };
		7836304E1E2172960010B08D /* libspipc.dylib in Frameworks */ = {isa = PBXBuildFile; fileRef = 78C20F2D1E030C9700E90119 /* libspipc.dylib */; };
		7836304F1E2172960010B08D /* libsprot.dylib in Frameworks */ = {isa = PBXBuildFile; fileRef = 78C20F2B1E030C9100E90119 /* libsprot.dylib */; };
		783630501E2172960010B08D /* libfplog.dylib in Frameworks */ = {isa = PBXBuildFile; fileRef = 78C20F291E030C8A00E90119 /* libfplog.dylib */; };
		783630541E2172960010B08D /* fpylog.h in Headers */ = {isa = PBXBuildFile; fileRef = 789512451DF733FB00A51CBE /* fpylog.h */; };
		7876D7051E59EDB500931E45 /* libboost_python3-mt.dylib in Frameworks */ = {isa = PBXBuildFile; fileRef = 78F3F3EA1E3D142900D8039A /* libboost_python3-mt.dylib */; };
		7876D7061E59EDB500931E45 /* Python in Frameworks */ = {isa = PBXBuildFile; fileRef = 78F3F3EC1E3D142900D8039A /* Python */; };
		7876D7091E59EDDA00931E45 /* libboost_system-mt.dylib in Frameworks */ = {isa = PBXBuildFile; fileRef = 78F3F3EB1E3D142900D8039A /* libboost_system-mt.dylib */; };
		789512461DF733FB00A51CBE /* fpylog.h in Headers */ = {isa = PBXBuildFile; fileRef = 789512451DF733FB00A51CBE /* fpylog.h */; };
		7895124A1DF734A100A51CBE /* fpylog.cpp in Sources */ = {isa = PBXBuildFile; fileRef = 789512491DF734A100A51CBE /* fpylog.cpp */; };
		789B137A1E5F2EED00613A94 /* libjson.a in Frameworks */ = {isa = PBXBuildFile; fileRef = 789B13791E5F2EED00613A94 /* libjson.a */; };
		78C20F2A1E030C8A00E90119 /* libfplog.dylib in Frameworks */ = {isa = PBXBuildFile; fileRef = 78C20F291E030C8A00E90119 /* libfplog.dylib */; };
		78C20F2C1E030C9100E90119 /* libsprot.dylib in Frameworks */ = {isa = PBXBuildFile; fileRef = 78C20F2B1E030C9100E90119 /* libsprot.dylib */; };
		78C20F2E1E030C9700E90119 /* libspipc.dylib in Frameworks */ = {isa = PBXBuildFile; fileRef = 78C20F2D1E030C9700E90119 /* libspipc.dylib */; };
		78E1FEA41E97EB4A00FB305B /* libboost_python-mt.dylib in Frameworks */ = {isa = PBXBuildFile; fileRef = 78E1FEA31E97EB4A00FB305B /* libboost_python-mt.dylib */; };
		78F3F3EE1E3D142900D8039A /* libboost_system-mt.dylib in Frameworks */ = {isa = PBXBuildFile; fileRef = 78F3F3EB1E3D142900D8039A /* libboost_system-mt.dylib */; };
		78F3F3EF1E3D142900D8039A /* Python in Frameworks */ = {isa = PBXBuildFile; fileRef = 78F3F3EC1E3D142900D8039A /* Python */; };
/* End PBXBuildFile section */

/* Begin PBXFileReference section */
		781338BA1DF72F2B00578629 /* libfpylog.dylib */ = {isa = PBXFileReference; explicitFileType = "compiled.mach-o.dylib"; includeInIndex = 0; path = libfpylog.dylib; sourceTree = BUILT_PRODUCTS_DIR; };
		783630591E2172960010B08D /* libfpylog3.dylib */ = {isa = PBXFileReference; explicitFileType = "compiled.mach-o.dylib"; includeInIndex = 0; path = libfpylog3.dylib; sourceTree = BUILT_PRODUCTS_DIR; };
		789512451DF733FB00A51CBE /* fpylog.h */ = {isa = PBXFileReference; fileEncoding = 4; lastKnownFileType = sourcecode.c.h; path = fpylog.h; sourceTree = SOURCE_ROOT; };
		789512491DF734A100A51CBE /* fpylog.cpp */ = {isa = PBXFileReference; fileEncoding = 4; lastKnownFileType = sourcecode.cpp.cpp; path = fpylog.cpp; sourceTree = SOURCE_ROOT; };
		789B13791E5F2EED00613A94 /* libjson.a */ = {isa = PBXFileReference; lastKnownFileType = archive.ar; name = libjson.a; path = ../libjson/build/Release/libjson.a; sourceTree = "<group>"; };
		78C20F291E030C8A00E90119 /* libfplog.dylib */ = {isa = PBXFileReference; lastKnownFileType = "compiled.mach-o.dylib"; name = libfplog.dylib; path = ../fplog/build/Debug/libfplog.dylib; sourceTree = "<group>"; };
		78C20F2B1E030C9100E90119 /* libsprot.dylib */ = {isa = PBXFileReference; lastKnownFileType = "compiled.mach-o.dylib"; name = libsprot.dylib; path = ../sprot/build/Debug/libsprot.dylib; sourceTree = "<group>"; };
		78C20F2D1E030C9700E90119 /* libspipc.dylib */ = {isa = PBXFileReference; lastKnownFileType = "compiled.mach-o.dylib"; name = libspipc.dylib; path = ../spipc/build/Debug/libspipc.dylib; sourceTree = "<group>"; };
		78C20F2F1E030C9C00E90119 /* libjson.dylib */ = {isa = PBXFileReference; lastKnownFileType = "compiled.mach-o.dylib"; name = libjson.dylib; path = ../libjson/build/Debug/libjson.dylib; sourceTree = "<group>"; };
		78E1FEA31E97EB4A00FB305B /* libboost_python-mt.dylib */ = {isa = PBXFileReference; lastKnownFileType = "compiled.mach-o.dylib"; name = "libboost_python-mt.dylib"; path = "../Stage/libboost_python-mt.dylib"; sourceTree = "<group>"; };
		78F3F3EA1E3D142900D8039A /* libboost_python3-mt.dylib */ = {isa = PBXFileReference; lastKnownFileType = "compiled.mach-o.dylib"; name = "libboost_python3-mt.dylib"; path = "../Stage/libboost_python3-mt.dylib"; sourceTree = "<group>"; };
		78F3F3EB1E3D142900D8039A /* libboost_system-mt.dylib */ = {isa = PBXFileReference; lastKnownFileType = "compiled.mach-o.dylib"; name = "libboost_system-mt.dylib"; path = "../Stage/libboost_system-mt.dylib"; sourceTree = "<group>"; };
		78F3F3EC1E3D142900D8039A /* Python */ = {isa = PBXFileReference; lastKnownFileType = "compiled.mach-o.dylib"; name = Python; path = ../Stage/Python; sourceTree = "<group>"; };
/* End PBXFileReference section */

/* Begin PBXFrameworksBuildPhase section */
		781338B71DF72F2B00578629 /* Frameworks */ = {
			isa = PBXFrameworksBuildPhase;
			buildActionMask = 2147483647;
			files = (
				78E1FEA41E97EB4A00FB305B /* libboost_python-mt.dylib in Frameworks */,
				78F3F3EE1E3D142900D8039A /* libboost_system-mt.dylib in Frameworks */,
				78F3F3EF1E3D142900D8039A /* Python in Frameworks */,
				789B137A1E5F2EED00613A94 /* libjson.a in Frameworks */,
				78C20F2E1E030C9700E90119 /* libspipc.dylib in Frameworks */,
				78C20F2C1E030C9100E90119 /* libsprot.dylib in Frameworks */,
				78C20F2A1E030C8A00E90119 /* libfplog.dylib in Frameworks */,
			);
			runOnlyForDeploymentPostprocessing = 0;
		};
		7836304B1E2172960010B08D /* Frameworks */ = {
			isa = PBXFrameworksBuildPhase;
			buildActionMask = 2147483647;
			files = (
				7876D7091E59EDDA00931E45 /* libboost_system-mt.dylib in Frameworks */,
				7876D7051E59EDB500931E45 /* libboost_python3-mt.dylib in Frameworks */,
				7876D7061E59EDB500931E45 /* Python in Frameworks */,
				7836304D1E2172960010B08D /* libjson.dylib in Frameworks */,
				7836304E1E2172960010B08D /* libspipc.dylib in Frameworks */,
				7836304F1E2172960010B08D /* libsprot.dylib in Frameworks */,
				783630501E2172960010B08D /* libfplog.dylib in Frameworks */,
			);
			runOnlyForDeploymentPostprocessing = 0;
		};
/* End PBXFrameworksBuildPhase section */

/* Begin PBXGroup section */
		781338B11DF72F2A00578629 = {
			isa = PBXGroup;
			children = (
				781338BC1DF72F2B00578629 /* fpylog */,
				781338BB1DF72F2B00578629 /* Products */,
				78CF73841DF8844C00D53A7D /* Frameworks */,
			);
			sourceTree = "<group>";
		};
		781338BB1DF72F2B00578629 /* Products */ = {
			isa = PBXGroup;
			children = (
				781338BA1DF72F2B00578629 /* libfpylog.dylib */,
				783630591E2172960010B08D /* libfpylog3.dylib */,
			);
			name = Products;
			sourceTree = "<group>";
		};
		781338BC1DF72F2B00578629 /* fpylog */ = {
			isa = PBXGroup;
			children = (
				789512451DF733FB00A51CBE /* fpylog.h */,
				789512491DF734A100A51CBE /* fpylog.cpp */,
			);
			path = fpylog;
			sourceTree = "<group>";
		};
		78CF73841DF8844C00D53A7D /* Frameworks */ = {
			isa = PBXGroup;
			children = (
				78E1FEA31E97EB4A00FB305B /* libboost_python-mt.dylib */,
				789B13791E5F2EED00613A94 /* libjson.a */,
				78F3F3EA1E3D142900D8039A /* libboost_python3-mt.dylib */,
				78F3F3EB1E3D142900D8039A /* libboost_system-mt.dylib */,
				78F3F3EC1E3D142900D8039A /* Python */,
				78C20F2F1E030C9C00E90119 /* libjson.dylib */,
				78C20F2D1E030C9700E90119 /* libspipc.dylib */,
				78C20F2B1E030C9100E90119 /* libsprot.dylib */,
				78C20F291E030C8A00E90119 /* libfplog.dylib */,
			);
			name = Frameworks;
			sourceTree = "<group>";
		};
/* End PBXGroup section */

/* Begin PBXHeadersBuildPhase section */
		781338B81DF72F2B00578629 /* Headers */ = {
			isa = PBXHeadersBuildPhase;
			buildActionMask = 2147483647;
			files = (
				789512461DF733FB00A51CBE /* fpylog.h in Headers */,
			);
			runOnlyForDeploymentPostprocessing = 0;
		};
		783630531E2172960010B08D /* Headers */ = {
			isa = PBXHeadersBuildPhase;
			buildActionMask = 2147483647;
			files = (
				783630541E2172960010B08D /* fpylog.h in Headers */,
			);
			runOnlyForDeploymentPostprocessing = 0;
		};
/* End PBXHeadersBuildPhase section */

/* Begin PBXNativeTarget section */
		781338B91DF72F2B00578629 /* fpylog */ = {
			isa = PBXNativeTarget;
			buildConfigurationList = 781338C51DF72F2B00578629 /* Build configuration list for PBXNativeTarget "fpylog" */;
			buildPhases = (
				783A3F651E3F9899002DAD2E /* Run Script */,
				781338B61DF72F2B00578629 /* Sources */,
				781338B71DF72F2B00578629 /* Frameworks */,
				781338B81DF72F2B00578629 /* Headers */,
				7895124B1DF73A8100A51CBE /* ShellScript */,
			);
			buildRules = (
			);
			dependencies = (
			);
			name = fpylog;
			productName = fpylog;
			productReference = 781338BA1DF72F2B00578629 /* libfpylog.dylib */;
			productType = "com.apple.product-type.library.dynamic";
		};
		783630481E2172960010B08D /* fpylog3 */ = {
			isa = PBXNativeTarget;
			buildConfigurationList = 783630561E2172960010B08D /* Build configuration list for PBXNativeTarget "fpylog3" */;
			buildPhases = (
				78E1FEA61E97EC8300FB305B /* ShellScript */,
				783630491E2172960010B08D /* Sources */,
				7836304B1E2172960010B08D /* Frameworks */,
				783630531E2172960010B08D /* Headers */,
				783630551E2172960010B08D /* ShellScript */,
			);
			buildRules = (
			);
			dependencies = (
			);
			name = fpylog3;
			productName = fpylog;
			productReference = 783630591E2172960010B08D /* libfpylog3.dylib */;
			productType = "com.apple.product-type.library.dynamic";
		};
/* End PBXNativeTarget section */

/* Begin PBXProject section */
		781338B21DF72F2A00578629 /* Project object */ = {
			isa = PBXProject;
			attributes = {
				LastUpgradeCheck = 0810;
				ORGANIZATIONNAME = "Rostislav Kuratch";
				TargetAttributes = {
					781338B91DF72F2B00578629 = {
						CreatedOnToolsVersion = 8.1;
						ProvisioningStyle = Automatic;
					};
				};
			};
			buildConfigurationList = 781338B51DF72F2A00578629 /* Build configuration list for PBXProject "fpylog" */;
			compatibilityVersion = "Xcode 3.2";
			developmentRegion = English;
			hasScannedForEncodings = 0;
			knownRegions = (
				en,
			);
			mainGroup = 781338B11DF72F2A00578629;
			productRefGroup = 781338BB1DF72F2B00578629 /* Products */;
			projectDirPath = "";
			projectRoot = "";
			targets = (
				781338B91DF72F2B00578629 /* fpylog */,
				783630481E2172960010B08D /* fpylog3 */,
			);
		};
/* End PBXProject section */

/* Begin PBXShellScriptBuildPhase section */
		783630551E2172960010B08D /* ShellScript */ = {
			isa = PBXShellScriptBuildPhase;
			buildActionMask = 2147483647;
			files = (
			);
			inputPaths = (
			);
			outputPaths = (
			);
			runOnlyForDeploymentPostprocessing = 0;
			shellPath = /bin/sh;
			shellScript = "rm -f ${SOURCE_ROOT}/../Stage/*${PROJECT_NAME}*\n\ncp -r ${TARGET_BUILD_DIR}/*${PROJECT_NAME}* ${SOURCE_ROOT}/../Stage/\ncp -r ${SOURCE_ROOT}/${PROJECT_NAME}_test/*${PROJECT_NAME}* ${SOURCE_ROOT}/../Stage/\ncp -r ${SOURCE_ROOT}/${PROJECT_NAME}_test/*fplog* ${SOURCE_ROOT}/../Stage/\ncp -r ${SOURCE_ROOT}/${PROJECT_NAME}_test/*fpylog* ${SOURCE_ROOT}/../Stage/\ninstall_name_tool -change libboost_system-mt.dylib @rpath/libboost_system-mt.dylib ${SOURCE_ROOT}/../Stage/lib${PROJECT_NAME}3.dylib\ninstall_name_tool -change libboost_python3-mt.dylib @rpath/libboost_python3-mt.dylib ${SOURCE_ROOT}/../Stage/lib${PROJECT_NAME}3.dylib";
		};
		783A3F651E3F9899002DAD2E /* Run Script */ = {
			isa = PBXShellScriptBuildPhase;
			buildActionMask = 2147483647;
			files = (
			);
			inputPaths = (
			);
			name = "Run Script";
			outputPaths = (
			);
			runOnlyForDeploymentPostprocessing = 0;
			shellPath = /bin/sh;
			shellScript = "rm -f ${TARGET_BUILD_DIR}/*${PROJECT_NAME}*\nrm -f ${SOURCE_ROOT}/../Stage/*Python*\n                          \ncp /usr/local/Cellar/python/2.7.13/Frameworks/Python.framework/Versions/2.7/Python ${SOURCE_ROOT}/../Stage/\nchmod 666 ${SOURCE_ROOT}/../Stage/Python\n";
		};
		7895124B1DF73A8100A51CBE /* ShellScript */ = {
			isa = PBXShellScriptBuildPhase;
			buildActionMask = 2147483647;
			files = (
			);
			inputPaths = (
			);
			outputPaths = (
			);
			runOnlyForDeploymentPostprocessing = 0;
			shellPath = /bin/sh;
			shellScript = "rm -f ${SOURCE_ROOT}/../Stage/*${PROJECT_NAME}*\ncp -r ${TARGET_BUILD_DIR}/*${PROJECT_NAME}* ${SOURCE_ROOT}/../Stage/\ncp -r ${SOURCE_ROOT}/${PROJECT_NAME}_test/*${PROJECT_NAME}* ${SOURCE_ROOT}/../Stage/\ncp -r ${SOURCE_ROOT}/${PROJECT_NAME}_test/*fplog* ${SOURCE_ROOT}/../Stage/\ninstall_name_tool -change libboost_system-mt.dylib @rpath/libboost_system-mt.dylib ${SOURCE_ROOT}/../Stage/lib${PROJECT_NAME}.dylib\ninstall_name_tool -change libboost_python-mt.dylib @rpath/libboost_python-mt.dylib ${SOURCE_ROOT}/../Stage/lib${PROJECT_NAME}.dylib\n";
		};
		78E1FEA61E97EC8300FB305B /* ShellScript */ = {
			isa = PBXShellScriptBuildPhase;
			buildActionMask = 2147483647;
			files = (
			);
			inputPaths = (
			);
			outputPaths = (
			);
			runOnlyForDeploymentPostprocessing = 0;
			shellPath = /bin/sh;
			shellScript = "rm -f ${SOURCE_ROOT}/../Stage/*Python*\nrm -f ${SOURCE_ROOT}/../Stage/*${PROJECT_NAME}*\nrm -f ${SOURCE_ROOT}/../Stage/*wrapper*\n\ncp /usr/local/Cellar/python3/3.6.1/Frameworks/Python.framework/Versions/3.6/Python ${SOURCE_ROOT}/../Stage/\nchmod 666 ${SOURCE_ROOT}/../Stage/Python";
		};
/* End PBXShellScriptBuildPhase section */

/* Begin PBXSourcesBuildPhase section */
		781338B61DF72F2B00578629 /* Sources */ = {
			isa = PBXSourcesBuildPhase;
			buildActionMask = 2147483647;
			files = (
				7895124A1DF734A100A51CBE /* fpylog.cpp in Sources */,
			);
			runOnlyForDeploymentPostprocessing = 0;
		};
		783630491E2172960010B08D /* Sources */ = {
			isa = PBXSourcesBuildPhase;
			buildActionMask = 2147483647;
			files = (
				7836304A1E2172960010B08D /* fpylog.cpp in Sources */,
			);
			runOnlyForDeploymentPostprocessing = 0;
		};
/* End PBXSourcesBuildPhase section */

/* Begin XCBuildConfiguration section */
		781338C31DF72F2B00578629 /* Debug */ = {
			isa = XCBuildConfiguration;
			buildSettings = {
				ALWAYS_SEARCH_USER_PATHS = NO;
				CLANG_ANALYZER_NONNULL = YES;
				CLANG_CXX_LANGUAGE_STANDARD = "gnu++0x";
				CLANG_CXX_LIBRARY = "libc++";
				CLANG_ENABLE_MODULES = YES;
				CLANG_ENABLE_OBJC_ARC = YES;
				CLANG_WARN_BOOL_CONVERSION = YES;
				CLANG_WARN_CONSTANT_CONVERSION = YES;
				CLANG_WARN_DIRECT_OBJC_ISA_USAGE = YES_ERROR;
				CLANG_WARN_DOCUMENTATION_COMMENTS = YES;
				CLANG_WARN_EMPTY_BODY = YES;
				CLANG_WARN_ENUM_CONVERSION = YES;
				CLANG_WARN_INFINITE_RECURSION = YES;
				CLANG_WARN_INT_CONVERSION = YES;
				CLANG_WARN_OBJC_ROOT_CLASS = YES_ERROR;
				CLANG_WARN_SUSPICIOUS_MOVES = YES;
				CLANG_WARN_UNREACHABLE_CODE = YES;
				CLANG_WARN__DUPLICATE_METHOD_MATCH = YES;
				CODE_SIGN_IDENTITY = "-";
				COPY_PHASE_STRIP = NO;
				DEBUG_INFORMATION_FORMAT = dwarf;
				ENABLE_STRICT_OBJC_MSGSEND = YES;
				ENABLE_TESTABILITY = YES;
				GCC_C_LANGUAGE_STANDARD = gnu99;
				GCC_DYNAMIC_NO_PIC = NO;
				GCC_NO_COMMON_BLOCKS = YES;
				GCC_OPTIMIZATION_LEVEL = 0;
				GCC_PREPROCESSOR_DEFINITIONS = (
					"DEBUG=1",
					"$(inherited)",
				);
				GCC_WARN_64_TO_32_BIT_CONVERSION = YES;
				GCC_WARN_ABOUT_RETURN_TYPE = YES_ERROR;
				GCC_WARN_UNDECLARED_SELECTOR = YES;
				GCC_WARN_UNINITIALIZED_AUTOS = YES_AGGRESSIVE;
				GCC_WARN_UNUSED_FUNCTION = YES;
				GCC_WARN_UNUSED_VARIABLE = YES;
				MACOSX_DEPLOYMENT_TARGET = 10.11;
				MTL_ENABLE_DEBUG_INFO = YES;
				ONLY_ACTIVE_ARCH = YES;
				SDKROOT = macosx;
			};
			name = Debug;
		};
		781338C41DF72F2B00578629 /* Release */ = {
			isa = XCBuildConfiguration;
			buildSettings = {
				ALWAYS_SEARCH_USER_PATHS = NO;
				CLANG_ANALYZER_NONNULL = YES;
				CLANG_CXX_LANGUAGE_STANDARD = "gnu++0x";
				CLANG_CXX_LIBRARY = "libc++";
				CLANG_ENABLE_MODULES = YES;
				CLANG_ENABLE_OBJC_ARC = YES;
				CLANG_WARN_BOOL_CONVERSION = YES;
				CLANG_WARN_CONSTANT_CONVERSION = YES;
				CLANG_WARN_DIRECT_OBJC_ISA_USAGE = YES_ERROR;
				CLANG_WARN_DOCUMENTATION_COMMENTS = YES;
				CLANG_WARN_EMPTY_BODY = YES;
				CLANG_WARN_ENUM_CONVERSION = YES;
				CLANG_WARN_INFINITE_RECURSION = YES;
				CLANG_WARN_INT_CONVERSION = YES;
				CLANG_WARN_OBJC_ROOT_CLASS = YES_ERROR;
				CLANG_WARN_SUSPICIOUS_MOVES = YES;
				CLANG_WARN_UNREACHABLE_CODE = YES;
				CLANG_WARN__DUPLICATE_METHOD_MATCH = YES;
				CODE_SIGN_IDENTITY = "-";
				COPY_PHASE_STRIP = NO;
				DEBUG_INFORMATION_FORMAT = "dwarf-with-dsym";
				ENABLE_NS_ASSERTIONS = NO;
				ENABLE_STRICT_OBJC_MSGSEND = YES;
				GCC_C_LANGUAGE_STANDARD = gnu99;
				GCC_NO_COMMON_BLOCKS = YES;
				GCC_WARN_64_TO_32_BIT_CONVERSION = YES;
				GCC_WARN_ABOUT_RETURN_TYPE = YES_ERROR;
				GCC_WARN_UNDECLARED_SELECTOR = YES;
				GCC_WARN_UNINITIALIZED_AUTOS = YES_AGGRESSIVE;
				GCC_WARN_UNUSED_FUNCTION = YES;
				GCC_WARN_UNUSED_VARIABLE = YES;
				MACOSX_DEPLOYMENT_TARGET = 10.11;
				MTL_ENABLE_DEBUG_INFO = NO;
				SDKROOT = macosx;
			};
			name = Release;
		};
		781338C61DF72F2B00578629 /* Debug */ = {
			isa = XCBuildConfiguration;
			buildSettings = {
				CLANG_CXX_LANGUAGE_STANDARD = "gnu++0x";
				CLANG_CXX_LIBRARY = "libc++";
				DYLIB_COMPATIBILITY_VERSION = 1;
				DYLIB_CURRENT_VERSION = 1;
				EXECUTABLE_PREFIX = lib;
				GCC_ENABLE_CPP_EXCEPTIONS = YES;
				GCC_ENABLE_CPP_RTTI = YES;
				GCC_SYMBOLS_PRIVATE_EXTERN = NO;
				HEADER_SEARCH_PATHS = (
					../boost/,
					../,
					./,
					../udt4/src/,
					../udt4/app/,
					../common/,
					../lua/src/,
					../chaiscript/include/,
					../fplog/,
					/usr/include/python2.7/,
				);
				INSTALL_PATH = "@rpath";
				LD_RUNPATH_SEARCH_PATHS = "@loader_path";
				LIBRARY_SEARCH_PATHS = (
					"$(inherited)",
					../Stage/,
				);
				OTHER_CPLUSPLUSFLAGS = (
					"$(OTHER_CFLAGS)",
					"-D_LINUX",
					"-D_OSX",
				);
				PRODUCT_NAME = "$(TARGET_NAME)";
			};
			name = Debug;
		};
		781338C71DF72F2B00578629 /* Release */ = {
			isa = XCBuildConfiguration;
			buildSettings = {
				CLANG_CXX_LANGUAGE_STANDARD = "gnu++0x";
				CLANG_CXX_LIBRARY = "libc++";
				DYLIB_COMPATIBILITY_VERSION = 1;
				DYLIB_CURRENT_VERSION = 1;
				EXECUTABLE_PREFIX = lib;
				GCC_ENABLE_CPP_EXCEPTIONS = YES;
				GCC_ENABLE_CPP_RTTI = YES;
				GCC_SYMBOLS_PRIVATE_EXTERN = NO;
				HEADER_SEARCH_PATHS = (
					../boost/,
					../,
					./,
					../udt4/src/,
					../udt4/app/,
					../common/,
					../lua/src/,
					../chaiscript/include/,
					../fplog/,
					/usr/include/python2.7/,
				);
				INSTALL_PATH = "@rpath";
				LD_RUNPATH_SEARCH_PATHS = "@loader_path";
				LIBRARY_SEARCH_PATHS = (
					"$(inherited)",
					../Stage/,
				);
				OTHER_CPLUSPLUSFLAGS = (
					"$(OTHER_CFLAGS)",
					"-D_LINUX",
					"-D_OSX",
				);
				PRODUCT_NAME = "$(TARGET_NAME)";
			};
			name = Release;
		};
		783630571E2172960010B08D /* Debug */ = {
			isa = XCBuildConfiguration;
			buildSettings = {
				CLANG_CXX_LANGUAGE_STANDARD = "gnu++0x";
				CLANG_CXX_LIBRARY = "libc++";
				DYLIB_COMPATIBILITY_VERSION = 1;
				DYLIB_CURRENT_VERSION = 1;
				EXECUTABLE_PREFIX = lib;
				GCC_ENABLE_CPP_EXCEPTIONS = YES;
				GCC_ENABLE_CPP_RTTI = YES;
				GCC_SYMBOLS_PRIVATE_EXTERN = NO;
				HEADER_SEARCH_PATHS = (
					../boost/,
					../,
					./,
					../udt4/src/,
					../udt4/app/,
					../common/,
					../lua/src/,
					../chaiscript/include/,
					../fplog/,
					/usr/local/Cellar/python3/3.6.1/Frameworks/Python.framework/Versions/3.6/Headers,
				);
				INSTALL_PATH = "@rpath";
				LD_RUNPATH_SEARCH_PATHS = "@loader_path";
				LIBRARY_SEARCH_PATHS = (
					"$(inherited)",
					../Stage/,
				);
				OTHER_CPLUSPLUSFLAGS = (
					"$(OTHER_CFLAGS)",
					"-D_LINUX",
					"-D_OSX",
				);
				PRODUCT_NAME = "$(TARGET_NAME)";
			};
			name = Debug;
		};
		783630581E2172960010B08D /* Release */ = {
			isa = XCBuildConfiguration;
			buildSettings = {
				CLANG_CXX_LANGUAGE_STANDARD = "gnu++0x";
				CLANG_CXX_LIBRARY = "libc++";
				DYLIB_COMPATIBILITY_VERSION = 1;
				DYLIB_CURRENT_VERSION = 1;
				EXECUTABLE_PREFIX = lib;
				GCC_ENABLE_CPP_EXCEPTIONS = YES;
				GCC_ENABLE_CPP_RTTI = YES;
				GCC_SYMBOLS_PRIVATE_EXTERN = NO;
				HEADER_SEARCH_PATHS = (
					../boost/,
					../,
					./,
					../udt4/src/,
					../udt4/app/,
					../common/,
					../lua/src/,
					../chaiscript/include/,
					../fplog/,
					/usr/local/Cellar/python3/3.6.1/Frameworks/Python.framework/Versions/3.6/Headers,
				);
				INSTALL_PATH = "@rpath";
				LD_RUNPATH_SEARCH_PATHS = "@loader_path";
				LIBRARY_SEARCH_PATHS = (
					"$(inherited)",
					../Stage/,
				);
				OTHER_CPLUSPLUSFLAGS = (
					"$(OTHER_CFLAGS)",
					"-D_LINUX",
					"-D_OSX",
				);
				PRODUCT_NAME = "$(TARGET_NAME)";
			};
			name = Release;
		};
/* End XCBuildConfiguration section */

/* Begin XCConfigurationList section */
		781338B51DF72F2A00578629 /* Build configuration list for PBXProject "fpylog" */ = {
			isa = XCConfigurationList;
			buildConfigurations = (
				781338C31DF72F2B00578629 /* Debug */,
				781338C41DF72F2B00578629 /* Release */,
			);
			defaultConfigurationIsVisible = 0;
			defaultConfigurationName = Release;
		};
		781338C51DF72F2B00578629 /* Build configuration list for PBXNativeTarget "fpylog" */ = {
			isa = XCConfigurationList;
			buildConfigurations = (
				781338C61DF72F2B00578629 /* Debug */,
				781338C71DF72F2B00578629 /* Release */,
			);
			defaultConfigurationIsVisible = 0;
			defaultConfigurationName = Release;
		};
		783630561E2172960010B08D /* Build configuration list for PBXNativeTarget "fpylog3" */ = {
			isa = XCConfigurationList;
			buildConfigurations = (
				783630571E2172960010B08D /* Debug */,
				783630581E2172960010B08D /* Release */,
			);
			defaultConfigurationIsVisible = 0;
			defaultConfigurationName = Release;
		};
/* End XCConfigurationList section */
	};
	rootObject = 781338B21DF72F2A00578629 /* Project object */;
}
